
Microsoft Visual Studio Solution File, Format Version 12.00
# Visual Studio Version 17
VisualStudioVersion = 17.7.34024.191
MinimumVisualStudioVersion = 10.0.40219.1
Project("{FAE04EC0-301F-11D3-BF4B-00C04F79EFBC}") = "Calc", "Calc\Calc.csproj", "{7FDA1A8A-5193-4691-B0E3-47711630700A}"
EndProject
Project("{FAE04EC0-301F-11D3-BF4B-00C04F79EFBC}") = "Calc_Test", "Calc_Test\Calc_Test.csproj", "{19BDF394-79AD-4C4A-81FB-7F73E49C7105}"
EndProject
Global
	GlobalSection(SolutionConfigurationPlatforms) = preSolution
		Debug|Any CPU = Debug|Any CPU
		Release|Any CPU = Release|Any CPU
	EndGlobalSection
	GlobalSection(ProjectConfigurationPlatforms) = postSolution
		{7FDA1A8A-5193-4691-B0E3-47711630700A}.Debug|Any CPU.ActiveCfg = Debug|Any CPU
		{7FDA1A8A-5193-4691-B0E3-47711630700A}.Debug|Any CPU.Build.0 = Debug|Any CPU
		{7FDA1A8A-5193-4691-B0E3-47711630700A}.Release|Any CPU.ActiveCfg = Release|Any CPU
		{7FDA1A8A-5193-4691-B0E3-47711630700A}.Release|Any CPU.Build.0 = Release|Any CPU
		{19BDF394-79AD-4C4A-81FB-7F73E49C7105}.Debug|Any CPU.ActiveCfg = Debug|Any CPU
		{19BDF394-79AD-4C4A-81FB-7F73E49C7105}.Debug|Any CPU.Build.0 = Debug|Any CPU
		{19BDF394-79AD-4C4A-81FB-7F73E49C7105}.Release|Any CPU.ActiveCfg = Release|Any CPU
		{19BDF394-79AD-4C4A-81FB-7F73E49C7105}.Release|Any CPU.Build.0 = Release|Any CPU
	EndGlobalSection
	GlobalSection(SolutionProperties) = preSolution
		HideSolutionNode = FALSE
	EndGlobalSection
	GlobalSection(ExtensibilityGlobals) = postSolution
		SolutionGuid = {C0A6278A-2052-4BDD-B3ED-6B3EE69881C1}
	EndGlobalSection
EndGlobal
